lockfileVersion: '9.0'

settings:
  autoInstallPeers: false
  excludeLinksFromLockfile: false

importers:

  .:
    dependencies:
      '@radix-ui/react-label':
        specifier: ^2.1.8
        version: 2.1.8(@types/react-dom@19.2.3(@types/react@19.2.14))(@types/react@19.2.14)(react-dom@19.2.5(react@19.2.5))(react@19.2.5)
      '@radix-ui/react-radio-group':
        specifier: ^1.3.8
        version: 1.3.8(@types/react-dom@19.2.3(@types/react@19.2.14))(@types/react@19.2.14)(react-dom@19.2.5(react@19.2.5))(react@19.2.5)
      '@radix-ui/react-slot':
        specifier: ^1.2.4
        version: 1.2.4(@types/react@19.2.14)(react@19.2.5)
      '@tailwindcss/vite':
        specifier: ^4.2.4
        version: 4.2.4(vite@8.0.10(@types/node@25.6.0)(esbuild@0.27.3)(jiti@2.6.1)(yaml@2.8.3))
      '@tanstack/react-router':
        specifier: ^1.168.24
        version: 1.168.24(react-dom@19.2.5(react@19.2.5))(react@19.2.5)
      '@tanstack/react-router-devtools':
        specifier: ^1.166.13
        version: 1.166.13(@tanstack/react-router@1.168.24(react-dom@19.2.5(react@19.2.5))(react@19.2.5))(@tanstack/router-core@1.168.16)(csstype@3.2.3)(react-dom@19.2.5(react@19.2.5))(react@19.2.5)
      '@tanstack/react-start':
        specifier: ^1.167.49
        version: 1.167.49(react-dom@19.2.5(react@19.2.5))(react@19.2.5)(vite@8.0.10(@types/node@25.6.0)(esbuild@0.27.3)(jiti@2.6.1)(yaml@2.8.3))
      accept-language:
        specifier: ^3.0.20
        version: 3.0.20
      class-variance-authority:
        specifier: ^0.7.1
        version: 0.7.1
      clsx:
        specifier: ^2.1.1
        version: 2.1.1
      lucide-react:
        specifier: ^1.11.0
        version: 1.11.0(react@19.2.5)
      react:
        specifier: ^19.2.5
        version: 19.2.5
      react-dom:
        specifier: ^19.2.5
        version: 19.2.5(react@19.2.5)
      react-dropzone:
        specifier: ^15.0.0
        version: 15.0.0(react@19.2.5)
      tailwind-merge:
        specifier: ^3.5.0
        version: 3.5.0
      tailwindcss:
        specifier: ^4.2.4
        version: 4.2.4
    devDependencies:
      '@cloudflare/vite-plugin':
        specifier: ^1.33.2
        version: 1.33.2(vite@8.0.10(@types/node@25.6.0)(esbuild@0.27.3)(jiti@2.6.1)(yaml@2.8.3))(workerd@1.20260424.1)(wrangler@4.85.0)
      '@types/node':
        specifier: ^25.6.0
        version: 25.6.0
      '@types/react':
        specifier: ^19.2.14
        version: 19.2.14
      '@types/react-dom':
        specifier: ^19.2.3
        version: 19.2.3(@types/react@19.2.14)
      '@vitejs/plugin-react':
        specifier: ^6.0.1
        version: 6.0.1(vite@8.0.10(@types/node@25.6.0)(esbuild@0.27.3)(jiti@2.6.1)(yaml@2.8.3))
      husky:
        specifier: ^9.1.7
        version: 9.1.7
      lint-staged:
        specifier: ^16.4.0
        version: 16.4.0
      node-addon-api:
        specifier: ^8.7.0
        version: 8.7.0
      node-gyp:
        specifier: ^12.3.0
        version: 12.3.0
      oxfmt:
        specifier: ^0.46.0
        version: 0.46.0
      oxlint:
        specifier: ^1.61.0
        version: 1.61.0
      tw-animate-css:
        specifier: ^1.4.0
        version: 1.4.0
      typescript:
        specifier: ^6.0.3
        version: 6.0.3
      vite:
        specifier: ^8.0.10
        version: 8.0.10(@types/node@25.6.0)(esbuild@0.27.3)(jiti@2.6.1)(yaml@2.8.3)
      wrangler:
        specifier: ^4.85.0
        version: 4.85.0

packages:

  '@babel/code-frame@7.27.1':
    resolution: {integrity: sha512-cjQ7ZlQ0Mv3b47hABuTevyTuYN4i+loJKGeV9flcCgIK37cCXRh+L1bd3iBHlynerhQ7BhCkn2BPbQUL+rGqFg==}
    engines: {node: '>=6.9.0'}

  '@babel/code-frame@7.29.0':
    resolution: {integrity: sha512-9NhCeYjq9+3uxgdtp20LSiJXJvN0FeCtNGpJxuMFZ1Kv3cWUNb6DOhJwUvcVCzKGR66cw4njwM6hrJLqgOwbcw==}
    engines: {node: '>=6.9.0'}

  '@babel/compat-data@7.29.0':
    resolution: {integrity: sha512-T1NCJqT/j9+cn8fvkt7jtwbLBfLC/1y1c7NtCeXFRgzGTsafi68MRv8yzkYSapBnFA6L3U2VSc02ciDzoAJhJg==}
    engines: {node: '>=6.9.0'}

  '@babel/core@7.29.0':
    resolution: {integrity: sha512-CGOfOJqWjg2qW/Mb6zNsDm+u5vFQ8DxXfbM09z69p5Z6+mE1ikP2jUXw+j42Pf1XTYED2Rni5f95npYeuwMDQA==}
    engines: {node: '>=6.9.0'}